
Microsoft Visual Studio Solution File, Format Version 12.00
# Visual Studio Version 17
VisualStudioVersion = 17.12.35728.132
MinimumVisualStudioVersion = 10.0.40219.1
Project("{00D1A9C2-B5F0-4AF3-8072-F6C62B433612}") = "SQL_LUTHIER", "SQL_LUTHIER\SQL_LUTHIER.sqlproj", "{A70DB47A-C2FB-480C-B88B-113B9D9D3679}"
EndProject
Project("{FAE04EC0-301F-11D3-BF4B-00C04F79EFBC}") = "LIB", "LIB\LIB.csproj", "{81443A7D-614A-419C-9618-ADD3DAAFCC6B}"
EndProject
Project("{FAE04EC0-301F-11D3-BF4B-00C04F79EFBC}") = "DAL_TEST", "DAL_TEST\DAL_TEST.csproj", "{5452F4B0-7503-42F9-956F-956FDB8E545B}"
EndProject
Project("{FAE04EC0-301F-11D3-BF4B-00C04F79EFBC}") = "API_GUITARES", "API_GUITARES\API_GUITARES.csproj", "{2631E43E-693A-421C-ACB8-EF51F8D5A3F1}"
EndProject
Project("{2150E333-8FDC-42A3-9474-1A3956D46DE8}") = "DAL", "DAL", "{9D18A083-29D4-40C8-A8EA-900427004306}"
EndProject
Project("{FAE04EC0-301F-11D3-BF4B-00C04F79EFBC}") = "IHM_LUTHIER", "IHM_LUTHIER\IHM_LUTHIER.csproj", "{07C41A1B-43FC-4045-9E71-7B526368A2D3}"
EndProject
Global
	GlobalSection(SolutionConfigurationPlatforms) = preSolution
		Debug|Any CPU = Debug|Any CPU
		Release|Any CPU = Release|Any CPU
	EndGlobalSection
	GlobalSection(ProjectConfigurationPlatforms) = postSolution
		{A70DB47A-C2FB-480C-B88B-113B9D9D3679}.Debug|Any CPU.ActiveCfg = Debug|Any CPU
		{A70DB47A-C2FB-480C-B88B-113B9D9D3679}.Debug|Any CPU.Build.0 = Debug|Any CPU
		{A70DB47A-C2FB-480C-B88B-113B9D9D3679}.Debug|Any CPU.Deploy.0 = Debug|Any CPU
		{A70DB47A-C2FB-480C-B88B-113B9D9D3679}.Release|Any CPU.ActiveCfg = Release|Any CPU
		{A70DB47A-C2FB-480C-B88B-113B9D9D3679}.Release|Any CPU.Build.0 = Release|Any CPU
		{A70DB47A-C2FB-480C-B88B-113B9D9D3679}.Release|Any CPU.Deploy.0 = Release|Any CPU
		{81443A7D-614A-419C-9618-ADD3DAAFCC6B}.Debug|Any CPU.ActiveCfg = Debug|Any CPU
		{81443A7D-614A-419C-9618-ADD3DAAFCC6B}.Debug|Any CPU.Build.0 = Debug|Any CPU
		{81443A7D-614A-419C-9618-ADD3DAAFCC6B}.Release|Any CPU.ActiveCfg = Release|Any CPU
		{81443A7D-614A-419C-9618-ADD3DAAFCC6B}.Release|Any CPU.Build.0 = Release|Any CPU
		{5452F4B0-7503-42F9-956F-956FDB8E545B}.Debug|Any CPU.ActiveCfg = Debug|Any CPU
		{5452F4B0-7503-42F9-956F-956FDB8E545B}.Debug|Any CPU.Build.0 = Debug|Any CPU
		{5452F4B0-7503-42F9-956F-956FDB8E545B}.Release|Any CPU.ActiveCfg = Release|Any CPU
		{5452F4B0-7503-42F9-956F-956FDB8E545B}.Release|Any CPU.Build.0 = Release|Any CPU
		{2631E43E-693A-421C-ACB8-EF51F8D5A3F1}.Debug|Any CPU.ActiveCfg = Debug|Any CPU
		{2631E43E-693A-421C-ACB8-EF51F8D5A3F1}.Debug|Any CPU.Build.0 = Debug|Any CPU
		{2631E43E-693A-421C-ACB8-EF51F8D5A3F1}.Release|Any CPU.ActiveCfg = Release|Any CPU
		{2631E43E-693A-421C-ACB8-EF51F8D5A3F1}.Release|Any CPU.Build.0 = Release|Any CPU
		{07C41A1B-43FC-4045-9E71-7B526368A2D3}.Debug|Any CPU.ActiveCfg = Debug|Any CPU
		{07C41A1B-43FC-4045-9E71-7B526368A2D3}.Debug|Any CPU.Build.0 = Debug|Any CPU
		{07C41A1B-43FC-4045-9E71-7B526368A2D3}.Release|Any CPU.ActiveCfg = Release|Any CPU
		{07C41A1B-43FC-4045-9E71-7B526368A2D3}.Release|Any CPU.Build.0 = Release|Any CPU
	EndGlobalSection
	GlobalSection(SolutionProperties) = preSolution
		HideSolutionNode = FALSE
	EndGlobalSection
	GlobalSection(NestedProjects) = preSolution
		{81443A7D-614A-419C-9618-ADD3DAAFCC6B} = {9D18A083-29D4-40C8-A8EA-900427004306}
		{5452F4B0-7503-42F9-956F-956FDB8E545B} = {9D18A083-29D4-40C8-A8EA-900427004306}
	EndGlobalSection
EndGlobal
